// !$*UTF8*$!
{
	archiveVersion = 1;
	classes = {
	};
	objectVersion = 50;
	objects = {

/* Begin PBXBuildFile section */
		C647A30325FB9010002A3723 /* CommentCardWriterApp.swift in Sources */ = {isa = PBXBuildFile; fileRef = C647A30225FB9010002A3723 /* CommentCardWriterApp.swift */; };
		C647A30525FB9010002A3723 /* ContentView.swift in Sources */ = {isa = PBXBuildFile; fileRef = C647A30425FB9010002A3723 /* ContentView.swift */; };
		C647A30725FB9011002A3723 /* Assets.xcassets in Resources */ = {isa = PBXBuildFile; fileRef = C647A30625FB9011002A3723 /* Assets.xcassets */; };
		C647A30A25FB9011002A3723 /* Preview Assets.xcassets in Resources */ = {isa = PBXBuildFile; fileRef = C647A30925FB9011002A3723 /* Preview Assets.xcassets */; };
		C647A31525FB9011002A3723 /* CommentCardWriterTests.swift in Sources */ = {isa = PBXBuildFile; fileRef = C647A31425FB9011002A3723 /* CommentCardWriterTests.swift */; };
		C647A32025FB9011002A3723 /* CommentCardWriterUITests.swift in Sources */ = {isa = PBXBuildFile; fileRef = C647A31F25FB9011002A3723 /* CommentCardWriterUITests.swift */; };
		C647A33325FB9066002A3723 /* Student.swift in Sources */ = {isa = PBXBuildFile; fileRef = C647A33225FB9066002A3723 /* Student.swift */; };
		C647A33E25FB9415002A3723 /* Comment.swift in Sources */ = {isa = PBXBuildFile; fileRef = C647A33D25FB9415002A3723 /* Comment.swift */; };
		C6965B062608ED7C008C1E33 /* StateController.swift in Sources */ = {isa = PBXBuildFile; fileRef = C6965B052608ED7C008C1E33 /* StateController.swift */; };
/* End PBXBuildFile section */

/* Begin PBXContainerItemProxy section */
		C647A31125FB9011002A3723 /* PBXContainerItemProxy */ = {
			isa = PBXContainerItemProxy;
			containerPortal = C647A2F725FB9010002A3723 /* Project object */;
			proxyType = 1;
			remoteGlobalIDString = C647A2FE25FB9010002A3723;
			remoteInfo = CommentCardWriter;
		};
		C647A31C25FB9011002A3723 /* PBXContainerItemProxy */ = {
			isa = PBXContainerItemProxy;
			containerPortal = C647A2F725FB9010002A3723 /* Project object */;
			proxyType = 1;
			remoteGlobalIDString = C647A2FE25FB9010002A3723;
			remoteInfo = CommentCardWriter;
		};
/* End PBXContainerItemProxy section */

/* Begin PBXFileReference section */
		C647A2FF25FB9010002A3723 /* CommentCardWriter.app */ = {isa = PBXFileReference; explicitFileType = wrapper.application; includeInIndex = 0; path = CommentCardWriter.app; sourceTree = BUILT_PRODUCTS_DIR; };
		C647A30225FB9010002A3723 /* CommentCardWriterApp.swift */ = {isa = PBXFileReference; lastKnownFileType = sourcecode.swift; path = CommentCardWriterApp.swift; sourceTree = "<group>"; };
		C647A30425FB9010002A3723 /* ContentView.swift */ = {isa = PBXFileReference; lastKnownFileType = sourcecode.swift; path = ContentView.swift; sourceTree = "<group>"; };
		C647A30625FB9011002A3723 /* Assets.xcassets */ = {isa = PBXFileReference; lastKnownFileType = folder.assetcatalog; path = Assets.xcassets; sourceTree = "<group>"; };
		C647A30925FB9011002A3723 /* Preview Assets.xcassets */ = {isa = PBXFileReference; lastKnownFileType = folder.assetcatalog; path = "Preview Assets.xcassets"; sourceTree = "<group>"; };
		C647A30B25FB9011002A3723 /* Info.plist */ = {isa = PBXFileReference; lastKnownFileType = text.plist.xml; path = Info.plist; sourceTree = "<group>"; };
		C647A31025FB9011002A3723 /* CommentCardWriterTests.xctest */ = {isa = PBXFileReference; explicitFileType = wrapper.cfbundle; includeInIndex = 0; path = CommentCardWriterTests.xctest; sourceTree = BUILT_PRODUCTS_DIR; };
		C647A31425FB9011002A3723 /* CommentCardWriterTests.swift */ = {isa = PBXFileReference; lastKnownFileType = sourcecode.swift; path = CommentCardWriterTests.swift; sourceTree = "<group>"; };
		C647A31625FB9011002A3723 /* Info.plist */ = {isa = PBXFileReference; lastKnownFileType = text.plist.xml; path = Info.plist; sourceTree = "<group>"; };
		C647A31B25FB9011002A3723 /* CommentCardWriterUITests.xctest */ = {isa = PBXFileReference; explicitFileType = wrapper.cfbundle; includeInIndex = 0; path = CommentCardWriterUITests.xctest; sourceTree = BUILT_PRODUCTS_DIR; };
		C647A31F25FB9011002A3723 /* CommentCardWriterUITests.swift */ = {isa = PBXFileReference; lastKnownFileType = sourcecode.swift; path = CommentCardWriterUITests.swift; sourceTree = "<group>"; };
		C647A32125FB9011002A3723 /* Info.plist */ = {isa = PBXFileReference; lastKnownFileType = text.plist.xml; path = Info.plist; sourceTree = "<group>"; };
		C647A33225FB9066002A3723 /* Student.swift */ = {isa = PBXFileReference; lastKnownFileType = sourcecode.swift; path = Student.swift; sourceTree = "<group>"; };
		C647A33D25FB9415002A3723 /* Comment.swift */ = {isa = PBXFileReference; lastKnownFileType = sourcecode.swift; path = Comment.swift; sourceTree = "<group>"; };
		C6965B052608ED7C008C1E33 /* StateController.swift */ = {isa = PBXFileReference; lastKnownFileType = sourcecode.swift; path = StateController.swift; sourceTree = "<group>"; };
/* End PBXFileReference section */

/* Begin PBXFrameworksBuildPhase section */
		C647A2FC25FB9010002A3723 /* Frameworks */ = {
			isa = PBXFrameworksBuildPhase;
			buildActionMask = 2147483647;
			files = (
			);
			runOnlyForDeploymentPostprocessing = 0;
		};
		C647A30D25FB9011002A3723 /* Frameworks */ = {
			isa = PBXFrameworksBuildPhase;
			buildActionMask = 2147483647;
			files = (
			);
			runOnlyForDeploymentPostprocessing = 0;
		};
		C647A31825FB9011002A3723 /* Frameworks */ = {
			isa = PBXFrameworksBuildPhase;
			buildActionMask = 2147483647;
			files = (
			);
			runOnlyForDeploymentPostprocessing = 0;
		};
/* End PBXFrameworksBuildPhase section */

/* Begin PBXGroup section */
		C647A2F625FB9010002A3723 = {
			isa = PBXGroup;
			children = (
				C647A30125FB9010002A3723 /* CommentCardWriter */,
				C647A31325FB9011002A3723 /* CommentCardWriterTests */,
				C647A31E25FB9011002A3723 /* CommentCardWriterUITests */,
				C647A30025FB9010002A3723 /* Products */,
			);
			sourceTree = "<group>";
		};
		C647A30025FB9010002A3723 /* Products */ = {
			isa = PBXGroup;
			children = (
				C647A2FF25FB9010002A3723 /* CommentCardWriter.app */,
				C647A31025FB9011002A3723 /* CommentCardWriterTests.xctest */,
				C647A31B25FB9011002A3723 /* CommentCardWriterUITests.xctest */,
			);
			name = Products;
			sourceTree = "<group>";
		};
		C647A30125FB9010002A3723 /* CommentCardWriter */ = {
			isa = PBXGroup;
			children = (
				C647A33125FB9047002A3723 /* Models */,
				C647A33025FB903A002A3723 /* Views */,
				C647A30225FB9010002A3723 /* CommentCardWriterApp.swift */,
				C647A30625FB9011002A3723 /* Assets.xcassets */,
				C647A30B25FB9011002A3723 /* Info.plist */,
				C647A30825FB9011002A3723 /* Preview Content */,
				C6965B052608ED7C008C1E33 /* StateController.swift */,
			);
			path = CommentCardWriter;
			sourceTree = "<group>";
		};
		C647A30825FB9011002A3723 /* Preview Content */ = {
			isa = PBXGroup;
			children = (
				C647A30925FB9011002A3723 /* Preview Assets.xcassets */,
			);
			path = "Preview Content";
			sourceTree = "<group>";
		};
		C647A31325FB9011002A3723 /* CommentCardWriterTests */ = {
			isa = PBXGroup;
			children = (
				C647A31425FB9011002A3723 /* CommentCardWriterTests.swift */,
				C647A31625FB9011002A3723 /* Info.plist */,
			);
			path = CommentCardWriterTests;
			sourceTree = "<group>";
		};
		C647A31E25FB9011002A3723 /* CommentCardWriterUITests */ = {
			isa = PBXGroup;
			children = (
				C647A31F25FB9011002A3723 /* CommentCardWriterUITests.swift */,
				C647A32125FB9011002A3723 /* Info.plist */,
			);
			path = CommentCardWriterUITests;
			sourceTree = "<group>";
		};
		C647A33025FB903A002A3723 /* Views */ = {
			isa = PBXGroup;
			children = (
				C647A30425FB9010002A3723 /* ContentView.swift */,
			);
			path = Views;
			sourceTree = "<group>";
		};
		C647A33125FB9047002A3723 /* Models */ = {
			isa = PBXGroup;
			children = (
				C647A33225FB9066002A3723 /* Student.swift */,
				C647A33D25FB9415002A3723 /* Comment.swift */,
			);
			path = Models;
			sourceTree = "<group>";
		};
/* End PBXGroup section */

/* Begin PBXNativeTarget section */
		C647A2FE25FB9010002A3723 /* CommentCardWriter */ = {
			isa = PBXNativeTarget;
			buildConfigurationList = C647A32425FB9011002A3723 /* Build configuration list for PBXNativeTarget "CommentCardWriter" */;
			buildPhases = (
				C647A2FB25FB9010002A3723 /* Sources */,
				C647A2FC25FB9010002A3723 /* Frameworks */,
				C647A2FD25FB9010002A3723 /* Resources */,
			);
			buildRules = (
			);
			dependencies = (
			);
			name = CommentCardWriter;
			productName = CommentCardWriter;
			productReference = C647A2FF25FB9010002A3723 /* CommentCardWriter.app */;
			productType = "com.apple.product-type.application";
		};
		C647A30F25FB9011002A3723 /* CommentCardWriterTests */ = {
			isa = PBXNativeTarget;
			buildConfigurationList = C647A32725FB9011002A3723 /* Build configuration list for PBXNativeTarget "CommentCardWriterTests" */;
			buildPhases = (
				C647A30C25FB9011002A3723 /* Sources */,
				C647A30D25FB9011002A3723 /* Frameworks */,
				C647A30E25FB9011002A3723 /* Resources */,
			);
			buildRules = (
			);
			dependencies = (
				C647A31225FB9011002A3723 /* PBXTargetDependency */,
			);
			name = CommentCardWriterTests;
			productName = CommentCardWriterTests;
			productReference = C647A31025FB9011002A3723 /* CommentCardWriterTests.xctest */;
			productType = "com.apple.product-type.bundle.unit-test";
		};
		C647A31A25FB9011002A3723 /* CommentCardWriterUITests */ = {
			isa = PBXNativeTarget;
			buildConfigurationList = C647A32A25FB9011002A3723 /* Build configuration list for PBXNativeTarget "CommentCardWriterUITests" */;
			buildPhases = (
				C647A31725FB9011002A3723 /* Sources */,
				C647A31825FB9011002A3723 /* Frameworks */,
				C647A31925FB9011002A3723 /* Resources */,
			);
			buildRules = (
			);
			dependencies = (
				C647A31D25FB9011002A3723 /* PBXTargetDependency */,
			);
			name = CommentCardWriterUITests;
			productName = CommentCardWriterUITests;
			productReference = C647A31B25FB9011002A3723 /* CommentCardWriterUITests.xctest */;
			productType = "com.apple.product-type.bundle.ui-testing";
		};
/* End PBXNativeTarget section */

/* Begin PBXProject section */
		C647A2F725FB9010002A3723 /* Project object */ = {
			isa = PBXProject;
			attributes = {
				LastSwiftUpdateCheck = 1220;
				LastUpgradeCheck = 1220;
				TargetAttributes = {
					C647A2FE25FB9010002A3723 = {
						CreatedOnToolsVersion = 12.2;
					};
					C647A30F25FB9011002A3723 = {
						CreatedOnToolsVersion = 12.2;
						TestTargetID = C647A2FE25FB9010002A3723;
					};
					C647A31A25FB9011002A3723 = {
						CreatedOnToolsVersion = 12.2;
						TestTargetID = C647A2FE25FB9010002A3723;
					};
				};
			};
			buildConfigurationList = C647A2FA25FB9010002A3723 /* Build configuration list for PBXProject "CommentCardWriter" */;
			compatibilityVersion = "Xcode 9.3";
			developmentRegion = en;
			hasScannedForEncodings = 0;
			knownRegions = (
				en,
				Base,
			);
			mainGroup = C647A2F625FB9010002A3723;
			productRefGroup = C647A30025FB9010002A3723 /* Products */;
			projectDirPath = "";
			projectRoot = "";
			targets = (
				C647A2FE25FB9010002A3723 /* CommentCardWriter */,
				C647A30F25FB9011002A3723 /* CommentCardWriterTests */,
				C647A31A25FB9011002A3723 /* CommentCardWriterUITests */,
			);
		};
/* End PBXProject section */

/* Begin PBXResourcesBuildPhase section */
		C647A2FD25FB9010002A3723 /* Resources */ = {
			isa = PBXResourcesBuildPhase;
			buildActionMask = 2147483647;
			files = (
				C647A30A25FB9011002A3723 /* Preview Assets.xcassets in Resources */,
				C647A30725FB9011002A3723 /* Assets.xcassets in Resources */,
			);
			runOnlyForDeploymentPostprocessing = 0;
		};
		C647A30E25FB9011002A3723 /* Resources */ = {
			isa = PBXResourcesBuildPhase;
			buildActionMask = 2147483647;
			files = (
			);
			runOnlyForDeploymentPostprocessing = 0;
		};
		C647A31925FB9011002A3723 /* Resources */ = {
			isa = PBXResourcesBuildPhase;
			buildActionMask = 2147483647;
			files = (
			);
			runOnlyForDeploymentPostprocessing = 0;
		};
/* End PBXResourcesBuildPhase section */

/* Begin PBXSourcesBuildPhase section */
		C647A2FB25FB9010002A3723 /* Sources */ = {
			isa = PBXSourcesBuildPhase;
			buildActionMask = 2147483647;
			files = (
				C647A30525FB9010002A3723 /* ContentView.swift in Sources */,
				C647A33325FB9066002A3723 /* Student.swift in Sources */,
				C647A30325FB9010002A3723 /* CommentCardWriterApp.swift in Sources */,
				C647A33E25FB9415002A3723 /* Comment.swift in Sources */,
				C6965B062608ED7C008C1E33 /* StateController.swift in Sources */,
			);
			runOnlyForDeploymentPostprocessing = 0;
		};
		C647A30C25FB9011002A3723 /* Sources */ = {
			isa = PBXSourcesBuildPhase;
			buildActionMask = 2147483647;
			files = (
				C647A31525FB9011002A3723 /* CommentCardWriterTests.swift in Sources */,
			);
			runOnlyForDeploymentPostprocessing = 0;
		};
		C647A31725FB9011002A3723 /* Sources */ = {
			isa = PBXSourcesBuildPhase;
			buildActionMask = 2147483647;
			files = (
				C647A32025FB9011002A3723 /* CommentCardWriterUITests.swift in Sources */,
			);
			runOnlyForDeploymentPostprocessing = 0;
		};
/* End PBXSourcesBuildPhase section */

/* Begin PBXTargetDependency section */
		C647A31225FB9011002A3723 /* PBXTargetDependency */ = {
			isa = PBXTargetDependency;
			target = C647A2FE25FB9010002A3723 /* CommentCardWriter */;
			targetProxy = C647A31125FB9011002A3723 /* PBXContainerItemProxy */;
		};
		C647A31D25FB9011002A3723 /* PBXTargetDependency */ = {
			isa = PBXTargetDependency;
			target = C647A2FE25FB9010002A3723 /* CommentCardWriter */;
			targetProxy = C647A31C25FB9011002A3723 /* PBXContainerItemProxy */;
		};
/* End PBXTargetDependency section */

/* Begin XCBuildConfiguration section */
		C647A32225FB9011002A3723 /* Debug */ = {
			isa = XCBuildConfiguration;
			buildSettings = {
				ALWAYS_SEARCH_USER_PATHS = NO;
				CLANG_ANALYZER_NONNULL = YES;
				CLANG_ANALYZER_NUMBER_OBJECT_CONVERSION = YES_AGGRESSIVE;
				CLANG_CXX_LANGUAGE_STANDARD = "gnu++14";
				CLANG_CXX_LIBRARY = "libc++";
				CLANG_ENABLE_MODULES = YES;
				CLANG_ENABLE_OBJC_ARC = YES;
				CLANG_ENABLE_OBJC_WEAK = YES;
				CLANG_WARN_BLOCK_CAPTURE_AUTORELEASING = YES;
				CLANG_WARN_BOOL_CONVERSION = YES;
				CLANG_WARN_COMMA = YES;
				CLANG_WARN_CONSTANT_CONVERSION = YES;
				CLANG_WARN_DEPRECATED_OBJC_IMPLEMENTATIONS = YES;
				CLANG_WARN_DIRECT_OBJC_ISA_USAGE = YES_ERROR;
				CLANG_WARN_DOCUMENTATION_COMMENTS = YES;
				CLANG_WARN_EMPTY_BODY = YES;
				CLANG_WARN_ENUM_CONVERSION = YES;
				CLANG_WARN_INFINITE_RECURSION = YES;
				CLANG_WARN_INT_CONVERSION = YES;
				CLANG_WARN_NON_LITERAL_NULL_CONVERSION = YES;
				CLANG_WARN_OBJC_IMPLICIT_RETAIN_SELF = YES;
				CLANG_WARN_OBJC_LITERAL_CONVERSION = YES;
				CLANG_WARN_OBJC_ROOT_CLASS = YES_ERROR;
				CLANG_WARN_QUOTED_INCLUDE_IN_FRAMEWORK_HEADER = YES;
				CLANG_WARN_RANGE_LOOP_ANALYSIS = YES;
				CLANG_WARN_STRICT_PROTOTYPES = YES;
				CLANG_WARN_SUSPICIOUS_MOVE = YES;
				CLANG_WARN_UNGUARDED_AVAILABILITY = YES_AGGRESSIVE;
				CLANG_WARN_UNREACHABLE_CODE = YES;
				CLANG_WARN__DUPLICATE_METHOD_MATCH = YES;
				COPY_PHASE_STRIP = NO;
				DEBUG_INFORMATION_FORMAT = dwarf;
				ENABLE_STRICT_OBJC_MSGSEND = YES;
				ENABLE_TESTABILITY = YES;
				GCC_C_LANGUAGE_STANDARD = gnu11;
				GCC_DYNAMIC_NO_PIC = NO;
				GCC_NO_COMMON_BLOCKS = YES;
				GCC_OPTIMIZATION_LEVEL = 0;
				GCC_PREPROCESSOR_DEFINITIONS = (
					"DEBUG=1",
					"$(inherited)",
				);
				GCC_WARN_64_TO_32_BIT_CONVERSION = YES;
				GCC_WARN_ABOUT_RETURN_TYPE = YES_ERROR;
				GCC_WARN_UNDECLARED_SELECTOR = YES;
				GCC_WARN_UNINITIALIZED_AUTOS = YES_AGGRESSIVE;
				GCC_WARN_UNUSED_FUNCTION = YES;
				GCC_WARN_UNUSED_VARIABLE = YES;
				IPHONEOS_DEPLOYMENT_TARGET = 14.2;
				MTL_ENABLE_DEBUG_INFO = INCLUDE_SOURCE;
				MTL_FAST_MATH = YES;
				ONLY_ACTIVE_ARCH = YES;
				SDKROOT = iphoneos;
				SWIFT_ACTIVE_COMPILATION_CONDITIONS = DEBUG;
				SWIFT_OPTIMIZATION_LEVEL = "-Onone";
			};
			name = Debug;
		};
		C647A32325FB9011002A3723 /* Release */ = {
			isa = XCBuildConfiguration;
			buildSettings = {
				ALWAYS_SEARCH_USER_PATHS = NO;
				CLANG_ANALYZER_NONNULL = YES;
				CLANG_ANALYZER_NUMBER_OBJECT_CONVERSION = YES_AGGRESSIVE;
				CLANG_CXX_LANGUAGE_STANDARD = "gnu++14";
				CLANG_CXX_LIBRARY = "libc++";
				CLANG_ENABLE_MODULES = YES;
				CLANG_ENABLE_OBJC_ARC = YES;
				CLANG_ENABLE_OBJC_WEAK = YES;
				CLANG_WARN_BLOCK_CAPTURE_AUTORELEASING = YES;
				CLANG_WARN_BOOL_CONVERSION = YES;
				CLANG_WARN_COMMA = YES;
				CLANG_WARN_CONSTANT_CONVERSION = YES;
				CLANG_WARN_DEPRECATED_OBJC_IMPLEMENTATIONS = YES;
				CLANG_WARN_DIRECT_OBJC_ISA_USAGE = YES_ERROR;
				CLANG_WARN_DOCUMENTATION_COMMENTS = YES;
				CLANG_WARN_EMPTY_BODY = YES;
				CLANG_WARN_ENUM_CONVERSION = YES;
				CLANG_WARN_INFINITE_RECURSION = YES;
				CLANG_WARN_INT_CONVERSION = YES;
				CLANG_WARN_NON_LITERAL_NULL_CONVERSION = YES;
				CLANG_WARN_OBJC_IMPLICIT_RETAIN_SELF = YES;
				CLANG_WARN_OBJC_LITERAL_CONVERSION = YES;
				CLANG_WARN_OBJC_ROOT_CLASS = YES_ERROR;
				CLANG_WARN_QUOTED_INCLUDE_IN_FRAMEWORK_HEADER = YES;
				CLANG_WARN_RANGE_LOOP_ANALYSIS = YES;
				CLANG_WARN_STRICT_PROTOTYPES = YES;
				CLANG_WARN_SUSPICIOUS_MOVE = YES;
				CLANG_WARN_UNGUARDED_AVAILABILITY = YES_AGGRESSIVE;
				CLANG_WARN_UNREACHABLE_CODE = YES;
				CLANG_WARN__DUPLICATE_METHOD_MATCH = YES;
				COPY_PHASE_STRIP = NO;
				DEBUG_INFORMATION_FORMAT = "dwarf-with-dsym";
				ENABLE_NS_ASSERTIONS = NO;
				ENABLE_STRICT_OBJC_MSGSEND = YES;
				GCC_C_LANGUAGE_STANDARD = gnu11;
				GCC_NO_COMMON_BLOCKS = YES;
				GCC_WARN_64_TO_32_BIT_CONVERSION = YES;
				GCC_WARN_ABOUT_RETURN_TYPE = YES_ERROR;
				GCC_WARN_UNDECLARED_SELECTOR = YES;
				GCC_WARN_UNINITIALIZED_AUTOS = YES_AGGRESSIVE;
				GCC_WARN_UNUSED_FUNCTION = YES;
				GCC_WARN_UNUSED_VARIABLE = YES;
				IPHONEOS_DEPLOYMENT_TARGET = 14.2;
				MTL_ENABLE_DEBUG_INFO = NO;
				MTL_FAST_MATH = YES;
				SDKROOT = iphoneos;
				SWIFT_COMPILATION_MODE = wholemodule;
				SWIFT_OPTIMIZATION_LEVEL = "-O";
				VALIDATE_PRODUCT = YES;
			};
			name = Release;
		};
		C647A32525FB9011002A3723 /* Debug */ = {
			isa = XCBuildConfiguration;
			buildSettings = {
				ASSETCATALOG_COMPILER_APPICON_NAME = AppIcon;
				ASSETCATALOG_COMPILER_GLOBAL_ACCENT_COLOR_NAME = AccentColor;
				CODE_SIGN_STYLE = Automatic;
				DEVELOPMENT_ASSET_PATHS = "\"CommentCardWriter/Preview Content\"";
				ENABLE_PREVIEWS = YES;
				INFOPLIST_FILE = CommentCardWriter/Info.plist;
				IPHONEOS_DEPLOYMENT_TARGET = 14.0;
				LD_RUNPATH_SEARCH_PATHS = (
					"$(inherited)",
					"@executable_path/Frameworks",
				);
				PRODUCT_BUNDLE_IDENTIFIER = com.freddie.CommentCardWriter;
				PRODUCT_NAME = "$(TARGET_NAME)";
				SWIFT_VERSION = 5.0;
				TARGETED_DEVICE_FAMILY = "1,2";
			};
			name = Debug;
		};
		C647A32625FB9011002A3723 /* Release */ = {
			isa = XCBuildConfiguration;
			buildSettings = {
				ASSETCATALOG_COMPILER_APPICON_NAME = AppIcon;
				ASSETCATALOG_COMPILER_GLOBAL_ACCENT_COLOR_NAME = AccentColor;
				CODE_SIGN_STYLE = Automatic;
				DEVELOPMENT_ASSET_PATHS = "\"CommentCardWriter/Preview Content\"";
				ENABLE_PREVIEWS = YES;
				INFOPLIST_FILE = CommentCardWriter/Info.plist;
				IPHONEOS_DEPLOYMENT_TARGET = 14.0;
				LD_RUNPATH_SEARCH_PATHS = (
					"$(inherited)",
					"@executable_path/Frameworks",
				);
				PRODUCT_BUNDLE_IDENTIFIER = com.freddie.CommentCardWriter;
				PRODUCT_NAME = "$(TARGET_NAME)";
				SWIFT_VERSION = 5.0;
				TARGETED_DEVICE_FAMILY = "1,2";
			};
			name = Release;
		};
		C647A32825FB9011002A3723 /* Debug */ = {
			isa = XCBuildConfiguration;
			buildSettings = {
				ALWAYS_EMBED_SWIFT_STANDARD_LIBRARIES = YES;
				BUNDLE_LOADER = "$(TEST_HOST)";
				CODE_SIGN_STYLE = Automatic;
				INFOPLIST_FILE = CommentCardWriterTests/Info.plist;
				IPHONEOS_DEPLOYMENT_TARGET = 14.0;
				LD_RUNPATH_SEARCH_PATHS = (
					"$(inherited)",
					"@executable_path/Frameworks",
					"@loader_path/Frameworks",
				);
				PRODUCT_BUNDLE_IDENTIFIER = com.freddie.CommentCardWriterTests;
				PRODUCT_NAME = "$(TARGET_NAME)";
				SWIFT_VERSION = 5.0;
				TARGETED_DEVICE_FAMILY = "1,2";
				TEST_HOST = "$(BUILT_PRODUCTS_DIR)/CommentCardWriter.app/CommentCardWriter";
			};
			name = Debug;
		};
		C647A32925FB9011002A3723 /* Release */ = {
			isa = XCBuildConfiguration;
			buildSettings = {
				ALWAYS_EMBED_SWIFT_STANDARD_LIBRARIES = YES;
				BUNDLE_LOADER = "$(TEST_HOST)";
				CODE_SIGN_STYLE = Automatic;
				INFOPLIST_FILE = CommentCardWriterTests/Info.plist;
				IPHONEOS_DEPLOYMENT_TARGET = 14.0;
				LD_RUNPATH_SEARCH_PATHS = (
					"$(inherited)",
					"@executable_path/Frameworks",
					"@loader_path/Frameworks",
				);
				PRODUCT_BUNDLE_IDENTIFIER = com.freddie.CommentCardWriterTests;
				PRODUCT_NAME = "$(TARGET_NAME)";
				SWIFT_VERSION = 5.0;
				TARGETED_DEVICE_FAMILY = "1,2";
				TEST_HOST = "$(BUILT_PRODUCTS_DIR)/CommentCardWriter.app/CommentCardWriter";
			};
			name = Release;
		};
		C647A32B25FB9011002A3723 /* Debug */ = {
			isa = XCBuildConfiguration;
			buildSettings = {
				ALWAYS_EMBED_SWIFT_STANDARD_LIBRARIES = YES;
				CODE_SIGN_STYLE = Automatic;
				INFOPLIST_FILE = CommentCardWriterUITests/Info.plist;
				LD_RUNPATH_SEARCH_PATHS = (
					"$(inherited)",
					"@executable_path/Frameworks",
					"@loader_path/Frameworks",
				);
				PRODUCT_BUNDLE_IDENTIFIER = com.freddie.CommentCardWriterUITests;
				PRODUCT_NAME = "$(TARGET_NAME)";
				SWIFT_VERSION = 5.0;
				TARGETED_DEVICE_FAMILY = "1,2";
				TEST_TARGET_NAME = CommentCardWriter;
			};
			name = Debug;
		};
		C647A32C25FB9011002A3723 /* Release */ = {
			isa = XCBuildConfiguration;
			buildSettings = {
				ALWAYS_EMBED_SWIFT_STANDARD_LIBRARIES = YES;
				CODE_SIGN_STYLE = Automatic;
				INFOPLIST_FILE = CommentCardWriterUITests/Info.plist;
				LD_RUNPATH_SEARCH_PATHS = (
					"$(inherited)",
					"@executable_path/Frameworks",
					"@loader_path/Frameworks",
				);
				PRODUCT_BUNDLE_IDENTIFIER = com.freddie.CommentCardWriterUITests;
				PRODUCT_NAME = "$(TARGET_NAME)";
				SWIFT_VERSION = 5.0;
				TARGETED_DEVICE_FAMILY = "1,2";
				TEST_TARGET_NAME = CommentCardWriter;
			};
			name = Release;
		};
/* End XCBuildConfiguration section */

/* Begin XCConfigurationList section */
		C647A2FA25FB9010002A3723 /* Build configuration list for PBXProject "CommentCardWriter" */ = {
			isa = XCConfigurationList;
			buildConfigurations = (
				C647A32225FB9011002A3723 /* Debug */,
				C647A32325FB9011002A3723 /* Release */,
			);
			defaultConfigurationIsVisible = 0;
			defaultConfigurationName = Release;
		};
		C647A32425FB9011002A3723 /* Build configuration list for PBXNativeTarget "CommentCardWriter" */ = {
			isa = XCConfigurationList;
			buildConfigurations = (
				C647A32525FB9011002A3723 /* Debug */,
				C647A32625FB9011002A3723 /* Release */,
			);
			defaultConfigurationIsVisible = 0;
			defaultConfigurationName = Release;
		};
		C647A32725FB9011002A3723 /* Build configuration list for PBXNativeTarget "CommentCardWriterTests" */ = {
			isa = XCConfigurationList;
			buildConfigurations = (
				C647A32825FB9011002A3723 /* Debug */,
				C647A32925FB9011002A3723 /* Release */,
			);
			defaultConfigurationIsVisible = 0;
			defaultConfigurationName = Release;
		};
		C647A32A25FB9011002A3723 /* Build configuration list for PBXNativeTarget "CommentCardWriterUITests" */ = {
			isa = XCConfigurationList;
			buildConfigurations = (
				C647A32B25FB9011002A3723 /* Debug */,
				C647A32C25FB9011002A3723 /* Release */,
			);
			defaultConfigurationIsVisible = 0;
			defaultConfigurationName = Release;
		};
/* End XCConfigurationList section */
	};
	rootObject = C647A2F725FB9010002A3723 /* Project object */;
}
